lockfileVersion: '9.0'

settings:
  autoInstallPeers: true
  excludeLinksFromLockfile: false

importers:

  .:
    dependencies:
      jsonc-parser:
        specifier: 3.3.1
        version: 3.3.1
    devDependencies:
      '@biomejs/biome':
        specifier: 2.5.3
        version: 2.5.3
      '@types/node':
        specifier: 24.13.2
        version: 24.13.2
      '@types/vscode':
        specifier: 1.63.0
        version: 1.63.0
      typescript:
        specifier: 6.0.3
        version: 6.0.3

packages:

  '@biomejs/biome@2.5.3':
    resolution: {integrity: sha512-MrJswFdei9EfDwwUy2tQrPDpK0AO+RmMFvBoaaJ6ayBc3sUbHdCE+XG5N8vp+5So41ZupZJQm0roHFFhMGVD7A==}
    engines: {node: '>=14.21.3'}
    hasBin: true

  '@biomejs/cli-darwin-arm64@2.5.3':
    resolution: {integrity: sha512-QhYP9muVQ0nUO5zztFuPbEwi4+94sJWVjaZds9aMi1l/KNZBiUjdiSUrGHsTaMGDXrYl+r4AS2sUKfgH3w+V3g==}
    engines: {node: '>=14.21.3'}
    cpu: [arm64]
    os: [darwin]

  '@biomejs/cli-darwin-x64@2.5.3':
    resolution: {integrity: sha512-NC1Ss13UaW7QZX+y8j44bF7AP0jSJdBl6iRhe0MAkvaSqZy+mWg3GaXsrb+eSoHoGDBtaXWEbMVV0iVN2cZ7cQ==}
    engines: {node: '>=14.21.3'}
    cpu: [x64]
    os: [darwin]

  '@biomejs/cli-linux-arm64-musl@2.5.3':
    resolution: {integrity: sha512-fccix0w6xp6csCXgxeC0dU/3ecgRQal0y+cv2SP9ajNlhe7Yrk2Ug7UDe2j9AT9ZDYitkXpvUKgZjjuoYeP4Vg==}
    engines: {node: '>=14.21.3'}
    cpu: [arm64]
    os: [linux]
    libc: [musl]

  '@biomejs/cli-linux-arm64@2.5.3':
    resolution: {integrity: sha512-ksx1KWeyYW18ILL04msF/J4ZBtBDN33znYK8Z/aNv/vlBVxL9/g3mGP+omgHJKy4+KWbK87vcmmpmurfNjSgiA==}
    engines: {node: '>=14.21.3'}
    cpu: [arm64]
    os: [linux]
    libc: [glibc]

  '@biomejs/cli-linux-x64-musl@2.5.3':
    resolution: {integrity: sha512-O/yU9YKRUiHhmcjF2f38PSjseVk3G4VLWYc0G2HWpzdBVREV6G8IGWIVEFf7MFPfWIzNUIvPsEjeAZQIOgnLcQ==}
    engines: {node: '>=14.21.3'}
    cpu: [x64]
    os: [linux]
    libc: [musl]

  '@biomejs/cli-linux-x64@2.5.3':
    resolution: {integrity: sha512-yMkJtilsgvILDcVkh187aVLTb64xYsrxYajx5kym+r1ULkO5HUOfu9AYKLGQbOVLwJtT2utNw7hhFNg+17mUYA==}
    engines: {node: '>=14.21.3'}
    cpu: [x64]
    os: [linux]
    libc: [glibc]

  '@biomejs/cli-win32-arm64@2.5.3':
    resolution: {integrity: sha512-cX5z+GYwRcqEok0AH3KSfQGgqYd0Nomfp6Fbe1uiTtELE38hdH2k842wQ9wLNaF/JJ7r4rjJQ4VR+ce+fRmQbw==}
    engines: {node: '>=14.21.3'}
    cpu: [arm64]
    os: [win32]

  '@biomejs/cli-win32-x64@2.5.3':
    resolution: {integrity: sha512-ExSaJWi4/u6+GXCszlSKpWSjKNbDseAYqqkCznsCsZ/4uidZ/BEqsCc5/3ctlq6dfIubdIIRSVLC/PG9xPl70Q==}
    engines: {node: '>=14.21.3'}
    cpu: [x64]
    os: [win32]

  '@types/node@24.13.2':
    resolution: {integrity: sha512-fRa09kZTgu8o71KFcDjUFuc7F+dEbZYZmkI0mg5YBTRs0yMKjYHsq/c0urDKeDb+D5qVgXOdFcuu+DZPKOITwA==}

  '@types/vscode@1.63.0':
    resolution: {integrity: sha512-iePu1axOi5WSThV6l2TYcciBIpAlMarjBC8H0y8L8ocsZLxh7MttzwFU3pjoItF5fRVGxHS0Hsvje9jO3yJsfw==}

  jsonc-parser@3.3.1:
    resolution: {integrity: sha512-HUgH65KyejrUFPvHFPbqOY0rsFip3Bo5wb4ngvdi1EpCYWUQDC5V+Y7mZws+DLkr4M//zQJoanu1SP+87Dv1oQ==}

  typescript@6.0.3:
    resolution: {integrity: sha512-y2TvuxSZPDyQakkFRPZHKFm+KKVqIisdg9/CZwm9ftvKXLP8NRWj38/ODjNbr43SsoXqNuAisEf1GdCxqWcdBw==}
    engines: {node: '>=14.17'}
    hasBin: true

  undici-types@7.18.2:
    resolution: {integrity: sha512-AsuCzffGHJybSaRrmr5eHr81mwJU3kjw6M+uprWvCXiNeN9SOGwQ3Jn8jb8m3Z6izVgknn1R0FTCEAP2QrLY/w==}

snapshots:

  '@biomejs/biome@2.5.3':
    optionalDependencies:
      '@biomejs/cli-darwin-arm64': 2.5.3
      '@biomejs/cli-darwin-x64': 2.5.3
      '@biomejs/cli-linux-arm64': 2.5.3
      '@biomejs/cli-linux-arm64-musl': 2.5.3
      '@biomejs/cli-linux-x64': 2.5.3
      '@biomejs/cli-linux-x64-musl': 2.5.3
      '@biomejs/cli-win32-arm64': 2.5.3
      '@biomejs/cli-win32-x64': 2.5.3

  '@biomejs/cli-darwin-arm64@2.5.3':
    optional: true

  '@biomejs/cli-darwin-x64@2.5.3':
    optional: true

  '@biomejs/cli-linux-arm64-musl@2.5.3':
    optional: true

  '@biomejs/cli-linux-arm64@2.5.3':
    optional: true

  '@biomejs/cli-linux-x64-musl@2.5.3':
    optional: true

  '@biomejs/cli-linux-x64@2.5.3':
    optional: true

  '@biomejs/cli-win32-arm64@2.5.3':
    optional: true

  '@biomejs/cli-win32-x64@2.5.3':
    optional: true

  '@types/node@24.13.2':
    dependencies:
      undici-types: 7.18.2

  '@types/vscode@1.63.0': {}

  jsonc-parser@3.3.1: {}

  typescript@6.0.3: {}

  undici-types@7.18.2: {}
