lockfileVersion: '9.0'

settings:
  autoInstallPeers: true
  excludeLinksFromLockfile: false

importers:

  .:
    dependencies:
      jsonc-parser:
        specifier: 3.3.1
        version: 3.3.1
    devDependencies:
      '@biomejs/biome':
        specifier: 2.4.4
        version: 2.4.4
      '@types/node':
        specifier: 24.10.14
        version: 24.10.14
      '@types/vscode':
        specifier: 1.63.0
        version: 1.63.0
      typescript:
        specifier: 5.9.3
        version: 5.9.3

packages:

  '@biomejs/biome@2.4.4':
    resolution: {integrity: sha512-tigwWS5KfJf0cABVd52NVaXyAVv4qpUXOWJ1rxFL8xF1RVoeS2q/LK+FHgYoKMclJCuRoCWAPy1IXaN9/mS61Q==}
    engines: {node: '>=14.21.3'}
    hasBin: true

  '@biomejs/cli-darwin-arm64@2.4.4':
    resolution: {integrity: sha512-jZ+Xc6qvD6tTH5jM6eKX44dcbyNqJHssfl2nnwT6vma6B1sj7ZLTGIk6N5QwVBs5xGN52r3trk5fgd3sQ9We9A==}
    engines: {node: '>=14.21.3'}
    cpu: [arm64]
    os: [darwin]

  '@biomejs/cli-darwin-x64@2.4.4':
    resolution: {integrity: sha512-Dh1a/+W+SUCXhEdL7TiX3ArPTFCQKJTI1mGncZNWfO+6suk+gYA4lNyJcBB+pwvF49uw0pEbUS49BgYOY4hzUg==}
    engines: {node: '>=14.21.3'}
    cpu: [x64]
    os: [darwin]

  '@biomejs/cli-linux-arm64-musl@2.4.4':
    resolution: {integrity: sha512-+sPAXq3bxmFwhVFJnSwkSF5Rw2ZAJMH3MF6C9IveAEOdSpgajPhoQhbbAK12SehN9j2QrHpk4J/cHsa/HqWaYQ==}
    engines: {node: '>=14.21.3'}
    cpu: [arm64]
    os: [linux]
    libc: [musl]

  '@biomejs/cli-linux-arm64@2.4.4':
    resolution: {integrity: sha512-V/NFfbWhsUU6w+m5WYbBenlEAz8eYnSqRMDMAW3K+3v0tYVkNyZn8VU0XPxk/lOqNXLSCCrV7FmV/u3SjCBShg==}
    engines: {node: '>=14.21.3'}
    cpu: [arm64]
    os: [linux]
    libc: [glibc]

  '@biomejs/cli-linux-x64-musl@2.4.4':
    resolution: {integrity: sha512-gGvFTGpOIQDb5CQ2VC0n9Z2UEqlP46c4aNgHmAMytYieTGEcfqhfCFnhs6xjt0S3igE6q5GLuIXtdQt3Izok+g==}
    engines: {node: '>=14.21.3'}
    cpu: [x64]
    os: [linux]
    libc: [musl]

  '@biomejs/cli-linux-x64@2.4.4':
    resolution: {integrity: sha512-R4+ZCDtG9kHArasyBO+UBD6jr/FcFCTH8QkNTOCu0pRJzCWyWC4EtZa2AmUZB5h3e0jD7bRV2KvrENcf8rndBg==}
    engines: {node: '>=14.21.3'}
    cpu: [x64]
    os: [linux]
    libc: [glibc]

  '@biomejs/cli-win32-arm64@2.4.4':
    resolution: {integrity: sha512-trzCqM7x+Gn832zZHgr28JoYagQNX4CZkUZhMUac2YxvvyDRLJDrb5m9IA7CaZLlX6lTQmADVfLEKP1et1Ma4Q==}
    engines: {node: '>=14.21.3'}
    cpu: [arm64]
    os: [win32]

  '@biomejs/cli-win32-x64@2.4.4':
    resolution: {integrity: sha512-gnOHKVPFAAPrpoPt2t+Q6FZ7RPry/FDV3GcpU53P3PtLNnQjBmKyN2Vh/JtqXet+H4pme8CC76rScwdjDcT1/A==}
    engines: {node: '>=14.21.3'}
    cpu: [x64]
    os: [win32]

  '@types/node@24.10.14':
    resolution: {integrity: sha512-OowOUbD1lBCOFIPOZ8xnMIhgqA4sCutMiYOmPHL1PTLt5+y1XA+g2+yC9OOyz8p+deMZqPZLxfMjYIfrKsPeFg==}

  '@types/vscode@1.63.0':
    resolution: {integrity: sha512-iePu1axOi5WSThV6l2TYcciBIpAlMarjBC8H0y8L8ocsZLxh7MttzwFU3pjoItF5fRVGxHS0Hsvje9jO3yJsfw==}

  jsonc-parser@3.3.1:
    resolution: {integrity: sha512-HUgH65KyejrUFPvHFPbqOY0rsFip3Bo5wb4ngvdi1EpCYWUQDC5V+Y7mZws+DLkr4M//zQJoanu1SP+87Dv1oQ==}

  typescript@5.9.3:
    resolution: {integrity: sha512-jl1vZzPDinLr9eUt3J/t7V6FgNEw9QjvBPdysz9KfQDD41fQrC2Y4vKQdiaUpFT4bXlb1RHhLpp8wtm6M5TgSw==}
    engines: {node: '>=14.17'}
    hasBin: true

  undici-types@7.16.0:
    resolution: {integrity: sha512-Zz+aZWSj8LE6zoxD+xrjh4VfkIG8Ya6LvYkZqtUQGJPZjYl53ypCaUwWqo7eI0x66KBGeRo+mlBEkMSeSZ38Nw==}

snapshots:

  '@biomejs/biome@2.4.4':
    optionalDependencies:
      '@biomejs/cli-darwin-arm64': 2.4.4
      '@biomejs/cli-darwin-x64': 2.4.4
      '@biomejs/cli-linux-arm64': 2.4.4
      '@biomejs/cli-linux-arm64-musl': 2.4.4
      '@biomejs/cli-linux-x64': 2.4.4
      '@biomejs/cli-linux-x64-musl': 2.4.4
      '@biomejs/cli-win32-arm64': 2.4.4
      '@biomejs/cli-win32-x64': 2.4.4

  '@biomejs/cli-darwin-arm64@2.4.4':
    optional: true

  '@biomejs/cli-darwin-x64@2.4.4':
    optional: true

  '@biomejs/cli-linux-arm64-musl@2.4.4':
    optional: true

  '@biomejs/cli-linux-arm64@2.4.4':
    optional: true

  '@biomejs/cli-linux-x64-musl@2.4.4':
    optional: true

  '@biomejs/cli-linux-x64@2.4.4':
    optional: true

  '@biomejs/cli-win32-arm64@2.4.4':
    optional: true

  '@biomejs/cli-win32-x64@2.4.4':
    optional: true

  '@types/node@24.10.14':
    dependencies:
      undici-types: 7.16.0

  '@types/vscode@1.63.0': {}

  jsonc-parser@3.3.1: {}

  typescript@5.9.3: {}

  undici-types@7.16.0: {}
